{
  "version": 4,
  "terraform_version": "1.7.5",
  "serial": 140,
  "lineage": "fde3562b-469b-d15f-ff63-e92ba4357e87",
  "outputs": {
    "deployment_summary": {
      "value": "\r\n============================================\r\nDEPLOYMENT SUMMARY\r\n============================================\r\n\r\nRESOURCE GROUP:\r\n  Name     : myRG\r\n  Location : centralindia\r\n\r\nVIRTUAL NETWORK:\r\n  Name     : myVNet\r\n  Address  : 10.0.0.0/16\r\n\r\nSUBNETS:\r\n  Public   : PublicSubnet (10.0.1.0/24)\r\n  Private  : PrivateSubnet (10.0.2.0/24)\r\n  AppGW    : AppGwSubnet (10.0.3.0/24)\r\n\r\nNSGs:\r\n  Public   : PublicNSG -\u003e Allow 22, 80, 443\r\n  Private  : PrivateNSG -\u003e Allow 5656, 22 (restricted)\r\n\r\nPUBLIC IPs:\r\n  PublicVM     : 20.204.43.217\r\n  NAT Gateway  : 20.198.119.30\r\n  App Gateway  : 4.247.129.232\r\n\r\nVIRTUAL MACHINES:\r\n  PublicVM:\r\n    - Name       : PublicVM\r\n    - Public IP   : 20.204.43.217\r\n    - Private IP  : 10.0.1.4\r\n    - App         : Nginx :80\r\n\r\n  PrivateVM:\r\n    - Name       : PrivateVM\r\n    - Public IP   : NONE\r\n    - Private IP  : 10.0.2.4\r\n    - App         : Node.js :5656\r\n    - Database    : MongoDB :27017\r\n\r\nNAT GATEWAY:\r\n  Name         : myNatGateway\r\n  Public IP    : 20.198.119.30\r\n  Attached To  : PrivateSubnet\r\n  Purpose      : Outbound internet for PrivateVM\r\n\r\nAPPLICATION GATEWAY:\r\n  Name         : myAppGateway\r\n  Public IP    : 4.247.129.232\r\n  Backend      : 10.0.2.4:5656\r\n  Purpose      : Expose PrivateVM app to internet\r\n\r\n============================================\r\nACCESS URLS\r\n============================================\r\nNginx (PublicVM)    : http://20.204.43.217\r\nNode.js (PrivateVM) : http://4.247.129.232\r\n\r\n============================================\r\nSSH ACCESS\r\n============================================\r\nStep 1: ssh azureuser@20.204.43.217\r\nStep 2: ssh azureuser@10.0.2.4\r\n\r\n============================================\r\nTRAFFIC FLOW\r\n============================================\r\nPUBLIC VM INBOUND:\r\n  Internet -\u003e 20.204.43.217:80 -\u003e PublicVM (Nginx)\r\n\r\nPRIVATE VM INBOUND:\r\n  Internet -\u003e 4.247.129.232:80 -\u003e AppGW -\u003e 10.0.2.4:5656 (Node.js)\r\n\r\nPRIVATE VM OUTBOUND:\r\n  PrivateVM -\u003e NAT Gateway -\u003e 20.198.119.30 -\u003e Internet\r\n\r\n============================================\r\n\r\n",
      "type": "string"
    }
  },
  "resources": [
    {
      "mode": "managed",
      "type": "azurerm_application_gateway",
      "name": "appgw",
      "provider": "provider[\"registry.terraform.io/hashicorp/azurerm\"]",
      "instances": [
        {
          "schema_version": 0,
          "attributes": {
            "authentication_certificate": [],
            "autoscale_configuration": [],
            "backend": [],
            "backend_address_pool": [
              {
                "fqdns": [],
                "id": "/subscriptions/dcf95f23-e23c-4b3d-a7ee-cd524c063f88/resourceGroups/myRG/providers/Microsoft.Network/applicationGateways/myAppGateway/backendAddressPools/PrivateVM-BackendPool",
                "ip_addresses": [
                  "10.0.2.4"
                ],
                "name": "PrivateVM-BackendPool"
              }
            ],
            "backend_http_settings": [
              {
                "affinity_cookie_name": "",
                "authentication_certificate": [],
                "connection_draining": [],
                "cookie_based_affinity": "Disabled",
                "dedicated_backend_connection_enabled": false,
                "host_name": "",
                "id": "/subscriptions/dcf95f23-e23c-4b3d-a7ee-cd524c063f88/resourceGroups/myRG/providers/Microsoft.Network/applicationGateways/myAppGateway/backendHttpSettingsCollection/HTTP-Settings",
                "name": "HTTP-Settings",
                "path": "",
                "pick_host_name_from_backend_address": false,
                "port": 5656,
                "probe_id": "/subscriptions/dcf95f23-e23c-4b3d-a7ee-cd524c063f88/resourceGroups/myRG/providers/Microsoft.Network/applicationGateways/myAppGateway/probes/health-Probe",
                "probe_name": "health-Probe",
                "protocol": "Http",
                "request_timeout": 20,
                "trusted_root_certificate_names": []
              }
            ],
            "custom_error_configuration": [],
            "enable_http2": false,
            "fips_enabled": false,
            "firewall_policy_id": "",
            "force_firewall_policy_association": false,
            "frontend_ip_configuration": [
              {
                "id": "/subscriptions/dcf95f23-e23c-4b3d-a7ee-cd524c063f88/resourceGroups/myRG/providers/Microsoft.Network/applicationGateways/myAppGateway/frontendIPConfigurations/appgw-frontend-ipconfig",
                "name": "appgw-frontend-ipconfig",
                "private_ip_address": "",
                "private_ip_address_allocation": "Dynamic",
                "private_link_configuration_id": "",
                "private_link_configuration_name": "",
                "public_ip_address_id": "/subscriptions/dcf95f23-e23c-4b3d-a7ee-cd524c063f88/resourceGroups/myRG/providers/Microsoft.Network/publicIPAddresses/AppGW-ip",
                "subnet_id": ""
              }
            ],
            "frontend_port": [
              {
                "id": "/subscriptions/dcf95f23-e23c-4b3d-a7ee-cd524c063f88/resourceGroups/myRG/providers/Microsoft.Network/applicationGateways/myAppGateway/frontendPorts/appgw-frontendPort",
                "name": "appgw-frontendPort",
                "port": 80
              }
            ],
            "gateway_ip_configuration": [
              {
                "id": "/subscriptions/dcf95f23-e23c-4b3d-a7ee-cd524c063f88/resourceGroups/myRG/providers/Microsoft.Network/applicationGateways/myAppGateway/gatewayIPConfigurations/appgw-ipconfig",
                "name": "appgw-ipconfig",
                "subnet_id": "/subscriptions/dcf95f23-e23c-4b3d-a7ee-cd524c063f88/resourceGroups/myRG/providers/Microsoft.Network/virtualNetworks/myVNet/subnets/AppGwSubnet"
              }
            ],
            "global": [],
            "http2_enabled": false,
            "http_listener": [
              {
                "custom_error_configuration": [],
                "firewall_policy_id": "",
                "frontend_ip_configuration_id": "/subscriptions/dcf95f23-e23c-4b3d-a7ee-cd524c063f88/resourceGroups/myRG/providers/Microsoft.Network/applicationGateways/myAppGateway/frontendIPConfigurations/appgw-frontend-ipconfig",
                "frontend_ip_configuration_name": "appgw-frontend-ipconfig",
                "frontend_port_id": "/subscriptions/dcf95f23-e23c-4b3d-a7ee-cd524c063f88/resourceGroups/myRG/providers/Microsoft.Network/applicationGateways/myAppGateway/frontendPorts/appgw-frontendPort",
                "frontend_port_name": "appgw-frontendPort",
                "host_name": "",
                "host_names": [],
                "id": "/subscriptions/dcf95f23-e23c-4b3d-a7ee-cd524c063f88/resourceGroups/myRG/providers/Microsoft.Network/applicationGateways/myAppGateway/httpListeners/HTTP-Listener",
                "name": "HTTP-Listener",
                "protocol": "Http",
                "require_sni": false,
                "ssl_certificate_id": "",
                "ssl_certificate_name": "",
                "ssl_profile_id": "",
                "ssl_profile_name": ""
              }
            ],
            "id": "/subscriptions/dcf95f23-e23c-4b3d-a7ee-cd524c063f88/resourceGroups/myRG/providers/Microsoft.Network/applicationGateways/myAppGateway",
            "identity": [],
            "listener": [],
            "location": "centralindia",
            "name": "myAppGateway",
            "private_endpoint_connection": [],
            "private_link_configuration": [],
            "probe": [
              {
                "host": "10.0.2.4",
                "id": "/subscriptions/dcf95f23-e23c-4b3d-a7ee-cd524c063f88/resourceGroups/myRG/providers/Microsoft.Network/applicationGateways/myAppGateway/probes/health-Probe",
                "interval": 30,
                "match": [
                  {
                    "body": "",
                    "status_code": [
                      "200-399"
                    ]
                  }
                ],
                "minimum_servers": 0,
                "name": "health-Probe",
                "path": "/",
                "pick_host_name_from_backend_http_settings": false,
                "port": 5656,
                "protocol": "Http",
                "proxy_protocol_header_enabled": false,
                "timeout": 20,
                "unhealthy_threshold": 3
              }
            ],
            "redirect_configuration": [],
            "request_routing_rule": [
              {
                "backend_address_pool_id": "/subscriptions/dcf95f23-e23c-4b3d-a7ee-cd524c063f88/resourceGroups/myRG/providers/Microsoft.Network/applicationGateways/myAppGateway/backendAddressPools/PrivateVM-BackendPool",
                "backend_address_pool_name": "PrivateVM-BackendPool",
                "backend_http_settings_id": "/subscriptions/dcf95f23-e23c-4b3d-a7ee-cd524c063f88/resourceGroups/myRG/providers/Microsoft.Network/applicationGateways/myAppGateway/backendHttpSettingsCollection/HTTP-Settings",
                "backend_http_settings_name": "HTTP-Settings",
                "http_listener_id": "/subscriptions/dcf95f23-e23c-4b3d-a7ee-cd524c063f88/resourceGroups/myRG/providers/Microsoft.Network/applicationGateways/myAppGateway/httpListeners/HTTP-Listener",
                "http_listener_name": "HTTP-Listener",
                "id": "/subscriptions/dcf95f23-e23c-4b3d-a7ee-cd524c063f88/resourceGroups/myRG/providers/Microsoft.Network/applicationGateways/myAppGateway/requestRoutingRules/RoutingRule",
                "name": "RoutingRule",
                "priority": 100,
                "redirect_configuration_id": "",
                "redirect_configuration_name": "",
                "rewrite_rule_set_id": "",
                "rewrite_rule_set_name": "",
                "rule_type": "Basic",
                "url_path_map_id": "",
                "url_path_map_name": ""
              }
            ],
            "resource_group_name": "myRG",
            "rewrite_rule_set": [],
            "routing_rule": [],
            "sku": [
              {
                "capacity": 1,
                "name": "Standard_v2",
                "tier": "Standard_v2"
              }
            ],
            "ssl_certificate": [],
            "ssl_policy": [
              {
                "cipher_suites": [],
                "disabled_protocols": [],
                "min_protocol_version": "",
                "policy_name": "AppGwSslPolicy20220101",
                "policy_type": "Predefined"
              }
            ],
            "ssl_profile": [],
            "tags": {
              "environment": "dev",
              "project": "myProject"
            },
            "timeouts": null,
            "trusted_client_certificate": [],
            "trusted_root_certificate": [],
            "url_path_map": [],
            "waf_configuration": [],
            "zones": []
          },
          "sensitive_attributes": [],
          "private": "eyJlMmJmYjczMC1lY2FhLTExZTYtOGY4OC0zNDM2M2JjN2M0YzAiOnsiY3JlYXRlIjo1NDAwMDAwMDAwMDAwLCJkZWxldGUiOjU0MDAwMDAwMDAwMDAsInJlYWQiOjMwMDAwMDAwMDAwMCwidXBkYXRlIjo1NDAwMDAwMDAwMDAwfX0=",
          "dependencies": [
            "azurerm_linux_virtual_machine.private_vm",
            "azurerm_network_interface.private_nic",
            "azurerm_network_security_group.private_nsg",
            "azurerm_public_ip.appgw_pip",
            "azurerm_resource_group.rg",
            "azurerm_subnet.appgw",
            "azurerm_subnet.private",
            "azurerm_subnet_network_security_group_association.private_nsg_assoc",
            "azurerm_virtual_network.vnet"
          ]
        }
      ]
    },
    {
      "mode": "managed",
      "type": "azurerm_linux_virtual_machine",
      "name": "private_vm",
      "provider": "provider[\"registry.terraform.io/hashicorp/azurerm\"]",
      "instances": [
        {
          "schema_version": 0,
          "attributes": {
            "additional_capabilities": [],
            "admin_password": "Revanth@562004",
            "admin_ssh_key": [],
            "admin_username": "azureuser",
            "allow_extension_operations": true,
            "availability_set_id": "",
            "boot_diagnostics": [],
            "bypass_platform_safety_checks_on_user_schedule_enabled": false,
            "capacity_reservation_group_id": "",
            "computer_name": "PrivateVM",
            "custom_data": "IyEvYmluL2Jhc2gNCnN1ZG8gYXB0IHVwZGF0ZSAteQ0KDQpjdXJsIC1mc1NMIGh0dHBzOi8vZGViLm5vZGVzb3VyY2UuY29tL3NldHVwXzE4LnggfCBzdWRvIC1FIGJhc2ggLQ0Kc3VkbyBhcHQgaW5zdGFsbCAteSBuZ2lueCBub2RlanMNCg0KY3VybCAtZnNTTCBodHRwczovL3d3dy5tb25nb2RiLm9yZy9zdGF0aWMvcGdwL3NlcnZlci02LjAuYXNjIHwgc3VkbyBncGcgLW8gL3Vzci9zaGFyZS9rZXlyaW5ncy9tb25nb2RiLXNlcnZlci02LjAuZ3BnIC0tZGVhcm1vcg0KZWNobyAiZGViIFsgYXJjaD1hbWQ2NCxhcm02NCBzaWduZWQtYnk9L3Vzci9zaGFyZS9rZXlyaW5ncy9tb25nb2RiLXNlcnZlci02LjAuZ3BnIF0gaHR0cHM6Ly9yZXBvLm1vbmdvZGIub3JnL2FwdC91YnVudHUgamFtbXkvbW9uZ29kYi1vcmcvNi4wIG11bHRpdmVyc2UiIHwgc3VkbyB0ZWUgL2V0Yy9hcHQvc291cmNlcy5saXN0LmQvbW9uZ29kYi1vcmctNi4wLmxpc3QNCnN1ZG8gYXB0IHVwZGF0ZSAteQ0Kc3VkbyBhcHQgaW5zdGFsbCAteSBtb25nb2RiLW9yZw0Kc3VkbyBzeXN0ZW1jdGwgc3RhcnQgbW9uZ29kDQpzdWRvIHN5c3RlbWN0bCBlbmFibGUgbW9uZ29kDQoNCnN1ZG8gYXB0IGluc3RhbGwgLXkgZ2l0DQpjZCAvaG9tZS9henVyZXVzZXINCmdpdCBjbG9uZSBodHRwczovL2dpdGh1Yi5jb20vTXNvY2lhbDEyMy9vcmdhbmljLWdoZWUuZ2l0DQpjZCBvcmdhbmljLWdoZWUNCg0KbnBtIGluc3RhbGwNCg0Kc3VkbyBucG0gaW5zdGFsbCAtZyBub2RlbW9uDQpzdWRvIG5wbSBpbnN0YWxsIC1nIHBtMg0KcG0yIHN0YXJ0IHNyYy9hcHAuanMgLS1uYW1lICJvcmdhbmljLWdoZWUiDQpwbTIgc2F2ZQ0KcG0yIHN0YXJ0dXAgc3lzdGVtZCAtdSBhenVyZXVzZXIgLS1ocCAvaG9tZS9henVyZXVzZXIgIA0K",
            "dedicated_host_group_id": "",
            "dedicated_host_id": "",
            "disable_password_authentication": false,
            "disk_controller_type": "",
            "edge_zone": "",
            "encryption_at_host_enabled": false,
            "eviction_policy": "",
            "extensions_time_budget": "PT1H30M",
            "gallery_application": [],
            "id": "/subscriptions/dcf95f23-e23c-4b3d-a7ee-cd524c063f88/resourceGroups/myRG/providers/Microsoft.Compute/virtualMachines/PrivateVM",
            "identity": [],
            "license_type": "",
            "location": "centralindia",
            "max_bid_price": -1,
            "name": "PrivateVM",
            "network_interface_ids": [
              "/subscriptions/dcf95f23-e23c-4b3d-a7ee-cd524c063f88/resourceGroups/myRG/providers/Microsoft.Network/networkInterfaces/PrivateVM-nic"
            ],
            "os_disk": [
              {
                "caching": "ReadWrite",
                "diff_disk_settings": [],
                "disk_encryption_set_id": "",
                "disk_size_gb": 30,
                "id": "/subscriptions/dcf95f23-e23c-4b3d-a7ee-cd524c063f88/resourceGroups/myRG/providers/Microsoft.Compute/disks/PrivateVM-osdisk",
                "name": "PrivateVM-osdisk",
                "secure_vm_disk_encryption_set_id": "",
                "security_encryption_type": "",
                "storage_account_type": "Standard_LRS",
                "write_accelerator_enabled": false
              }
            ],
            "os_image_notification": [],
            "os_managed_disk_id": "/subscriptions/dcf95f23-e23c-4b3d-a7ee-cd524c063f88/resourceGroups/myRG/providers/Microsoft.Compute/disks/PrivateVM-osdisk",
            "patch_assessment_mode": "ImageDefault",
            "patch_mode": "ImageDefault",
            "plan": [],
            "platform_fault_domain": -1,
            "priority": "Regular",
            "private_ip_address": "10.0.2.4",
            "private_ip_addresses": [
              "10.0.2.4"
            ],
            "provision_vm_agent": true,
            "proximity_placement_group_id": "",
            "public_ip_address": "",
            "public_ip_addresses": [],
            "reboot_setting": "",
            "resource_group_name": "myRG",
            "secret": [],
            "secure_boot_enabled": false,
            "size": "Standard_B2ats_v2",
            "source_image_id": "",
            "source_image_reference": [
              {
                "offer": "0001-com-ubuntu-server-jammy",
                "publisher": "Canonical",
                "sku": "22_04-lts",
                "version": "latest"
              }
            ],
            "tags": {
              "environment": "dev",
              "project": "myProject"
            },
            "termination_notification": [],
            "timeouts": null,
            "user_data": "",
            "virtual_machine_id": "6c2fac01-3166-4ffb-809a-56efd0977c78",
            "virtual_machine_scale_set_id": "",
            "vm_agent_platform_updates_enabled": false,
            "vtpm_enabled": false,
            "zone": ""
          },
          "sensitive_attributes": [],
          "private": "eyJlMmJmYjczMC1lY2FhLTExZTYtOGY4OC0zNDM2M2JjN2M0YzAiOnsiY3JlYXRlIjoyNzAwMDAwMDAwMDAwLCJkZWxldGUiOjI3MDAwMDAwMDAwMDAsInJlYWQiOjMwMDAwMDAwMDAwMCwidXBkYXRlIjoyNzAwMDAwMDAwMDAwfX0=",
          "dependencies": [
            "azurerm_network_interface.private_nic",
            "azurerm_network_security_group.private_nsg",
            "azurerm_resource_group.rg",
            "azurerm_subnet.private",
            "azurerm_subnet_network_security_group_association.private_nsg_assoc",
            "azurerm_virtual_network.vnet"
          ]
        }
      ]
    },
    {
      "mode": "managed",
      "type": "azurerm_linux_virtual_machine",
      "name": "public_vm",
      "provider": "provider[\"registry.terraform.io/hashicorp/azurerm\"]",
      "instances": [
        {
          "schema_version": 0,
          "attributes": {
            "additional_capabilities": [],
            "admin_password": "Revanth@562004",
            "admin_ssh_key": [],
            "admin_username": "azureuser",
            "allow_extension_operations": true,
            "availability_set_id": "",
            "boot_diagnostics": [],
            "bypass_platform_safety_checks_on_user_schedule_enabled": false,
            "capacity_reservation_group_id": "",
            "computer_name": "PublicVM",
            "custom_data": "IyEvYmluL2Jhc2gNCnN1ZG8gYXB0IHVwZGF0ZSAteQ0Kc3VkbyBhcHQgaW5zdGFsbCAteSBuZ2lueA0Kc3VkbyBzeXN0ZW1jdGwgc3RhcnQgbmdpbngNCnN1ZG8gc3lzdGVtY3RsIGVuYWJsZSBuZ2lueA0KZWNobyAiPGgxPiBQdWJsaWNWTSAtIE5naW54IGlzIHJ1bm5pbmcgPC9oMT4iIHwgc3VkbyB0ZWUgL3Zhci93d3cvaHRtbC9pbmRleC5odG1sDQo=",
            "dedicated_host_group_id": "",
            "dedicated_host_id": "",
            "disable_password_authentication": false,
            "disk_controller_type": "",
            "edge_zone": "",
            "encryption_at_host_enabled": false,
            "eviction_policy": "",
            "extensions_time_budget": "PT1H30M",
            "gallery_application": [],
            "id": "/subscriptions/dcf95f23-e23c-4b3d-a7ee-cd524c063f88/resourceGroups/myRG/providers/Microsoft.Compute/virtualMachines/PublicVM",
            "identity": [],
            "license_type": "",
            "location": "centralindia",
            "max_bid_price": -1,
            "name": "PublicVM",
            "network_interface_ids": [
              "/subscriptions/dcf95f23-e23c-4b3d-a7ee-cd524c063f88/resourceGroups/myRG/providers/Microsoft.Network/networkInterfaces/PublicVM-nic"
            ],
            "os_disk": [
              {
                "caching": "ReadWrite",
                "diff_disk_settings": [],
                "disk_encryption_set_id": "",
                "disk_size_gb": 30,
                "id": "/subscriptions/dcf95f23-e23c-4b3d-a7ee-cd524c063f88/resourceGroups/myRG/providers/Microsoft.Compute/disks/PublicVM-osdisk",
                "name": "PublicVM-osdisk",
                "secure_vm_disk_encryption_set_id": "",
                "security_encryption_type": "",
                "storage_account_type": "Standard_LRS",
                "write_accelerator_enabled": false
              }
            ],
            "os_image_notification": [],
            "os_managed_disk_id": "/subscriptions/dcf95f23-e23c-4b3d-a7ee-cd524c063f88/resourceGroups/myRG/providers/Microsoft.Compute/disks/PublicVM-osdisk",
            "patch_assessment_mode": "ImageDefault",
            "patch_mode": "ImageDefault",
            "plan": [],
            "platform_fault_domain": -1,
            "priority": "Regular",
            "private_ip_address": "10.0.1.4",
            "private_ip_addresses": [
              "10.0.1.4"
            ],
            "provision_vm_agent": true,
            "proximity_placement_group_id": "",
            "public_ip_address": "20.204.43.217",
            "public_ip_addresses": [
              "20.204.43.217"
            ],
            "reboot_setting": "",
            "resource_group_name": "myRG",
            "secret": [],
            "secure_boot_enabled": false,
            "size": "Standard_B2ats_v2",
            "source_image_id": "",
            "source_image_reference": [
              {
                "offer": "0001-com-ubuntu-server-jammy",
                "publisher": "Canonical",
                "sku": "22_04-lts",
                "version": "latest"
              }
            ],
            "tags": {
              "environment": "dev",
              "project": "myProject"
            },
            "termination_notification": [],
            "timeouts": null,
            "user_data": "",
            "virtual_machine_id": "588179a1-98a8-44a3-a912-6c5a83f47e26",
            "virtual_machine_scale_set_id": "",
            "vm_agent_platform_updates_enabled": false,
            "vtpm_enabled": false,
            "zone": ""
          },
          "sensitive_attributes": [],
          "private": "eyJlMmJmYjczMC1lY2FhLTExZTYtOGY4OC0zNDM2M2JjN2M0YzAiOnsiY3JlYXRlIjoyNzAwMDAwMDAwMDAwLCJkZWxldGUiOjI3MDAwMDAwMDAwMDAsInJlYWQiOjMwMDAwMDAwMDAwMCwidXBkYXRlIjoyNzAwMDAwMDAwMDAwfX0=",
          "dependencies": [
            "azurerm_network_interface.public_nic",
            "azurerm_public_ip.publicvm_pip",
            "azurerm_resource_group.rg",
            "azurerm_subnet.public",
            "azurerm_virtual_network.vnet"
          ]
        }
      ]
    },
    {
      "mode": "managed",
      "type": "azurerm_nat_gateway",
      "name": "natgw",
      "provider": "provider[\"registry.terraform.io/hashicorp/azurerm\"]",
      "instances": [
        {
          "schema_version": 0,
          "attributes": {
            "id": "/subscriptions/dcf95f23-e23c-4b3d-a7ee-cd524c063f88/resourceGroups/myRG/providers/Microsoft.Network/natGateways/myNatGateway",
            "idle_timeout_in_minutes": 10,
            "location": "centralindia",
            "name": "myNatGateway",
            "resource_group_name": "myRG",
            "resource_guid": "8fc74ef7-8e18-4f64-bcac-42225154bd11",
            "sku_name": "Standard",
            "tags": {
              "environment": "dev",
              "project": "myProject"
            },
            "timeouts": null,
            "zones": []
          },
          "sensitive_attributes": [],
          "private": "eyJlMmJmYjczMC1lY2FhLTExZTYtOGY4OC0zNDM2M2JjN2M0YzAiOnsiY3JlYXRlIjozNjAwMDAwMDAwMDAwLCJkZWxldGUiOjM2MDAwMDAwMDAwMDAsInJlYWQiOjMwMDAwMDAwMDAwMCwidXBkYXRlIjozNjAwMDAwMDAwMDAwfX0=",
          "dependencies": [
            "azurerm_resource_group.rg"
          ]
        }
      ]
    },
    {
      "mode": "managed",
      "type": "azurerm_nat_gateway_public_ip_association",
      "name": "nat_pip_assoc",
      "provider": "provider[\"registry.terraform.io/hashicorp/azurerm\"]",
      "instances": [
        {
          "schema_version": 0,
          "attributes": {
            "id": "/subscriptions/dcf95f23-e23c-4b3d-a7ee-cd524c063f88/resourceGroups/myRG/providers/Microsoft.Network/natGateways/myNatGateway|/subscriptions/dcf95f23-e23c-4b3d-a7ee-cd524c063f88/resourceGroups/myRG/providers/Microsoft.Network/publicIPAddresses/NATGW-ip",
            "nat_gateway_id": "/subscriptions/dcf95f23-e23c-4b3d-a7ee-cd524c063f88/resourceGroups/myRG/providers/Microsoft.Network/natGateways/myNatGateway",
            "public_ip_address_id": "/subscriptions/dcf95f23-e23c-4b3d-a7ee-cd524c063f88/resourceGroups/myRG/providers/Microsoft.Network/publicIPAddresses/NATGW-ip",
            "timeouts": null
          },
          "sensitive_attributes": [],
          "private": "eyJlMmJmYjczMC1lY2FhLTExZTYtOGY4OC0zNDM2M2JjN2M0YzAiOnsiY3JlYXRlIjoxODAwMDAwMDAwMDAwLCJkZWxldGUiOjE4MDAwMDAwMDAwMDAsInJlYWQiOjMwMDAwMDAwMDAwMH19",
          "dependencies": [
            "azurerm_nat_gateway.natgw",
            "azurerm_public_ip.natgw_pip",
            "azurerm_resource_group.rg"
          ]
        }
      ]
    },
    {
      "mode": "managed",
      "type": "azurerm_network_interface",
      "name": "private_nic",
      "provider": "provider[\"registry.terraform.io/hashicorp/azurerm\"]",
      "instances": [
        {
          "schema_version": 0,
          "attributes": {
            "accelerated_networking_enabled": false,
            "applied_dns_servers": [],
            "auxiliary_mode": "",
            "auxiliary_sku": "",
            "dns_servers": [],
            "edge_zone": "",
            "id": "/subscriptions/dcf95f23-e23c-4b3d-a7ee-cd524c063f88/resourceGroups/myRG/providers/Microsoft.Network/networkInterfaces/PrivateVM-nic",
            "internal_dns_name_label": "",
            "internal_domain_name_suffix": "2de4pj52ewlujooqmlyhijzlsa.rx.internal.cloudapp.net",
            "ip_configuration": [
              {
                "gateway_load_balancer_frontend_ip_configuration_id": "",
                "name": "PrivateVM-ipconfig",
                "primary": true,
                "private_ip_address": "10.0.2.4",
                "private_ip_address_allocation": "Dynamic",
                "private_ip_address_version": "IPv4",
                "public_ip_address_id": "",
                "subnet_id": "/subscriptions/dcf95f23-e23c-4b3d-a7ee-cd524c063f88/resourceGroups/myRG/providers/Microsoft.Network/virtualNetworks/myVNet/subnets/PrivateSubnet"
              }
            ],
            "ip_forwarding_enabled": false,
            "location": "centralindia",
            "mac_address": "7C-ED-8D-9F-42-BA",
            "name": "PrivateVM-nic",
            "private_ip_address": "10.0.2.4",
            "private_ip_addresses": [
              "10.0.2.4"
            ],
            "resource_group_name": "myRG",
            "tags": {
              "environment": "dev",
              "project": "myProject"
            },
            "timeouts": null,
            "virtual_machine_id": "/subscriptions/dcf95f23-e23c-4b3d-a7ee-cd524c063f88/resourceGroups/myRG/providers/Microsoft.Compute/virtualMachines/PrivateVM"
          },
          "sensitive_attributes": [],
          "private": "eyJlMmJmYjczMC1lY2FhLTExZTYtOGY4OC0zNDM2M2JjN2M0YzAiOnsiY3JlYXRlIjoxODAwMDAwMDAwMDAwLCJkZWxldGUiOjE4MDAwMDAwMDAwMDAsInJlYWQiOjMwMDAwMDAwMDAwMCwidXBkYXRlIjoxODAwMDAwMDAwMDAwfX0=",
          "dependencies": [
            "azurerm_resource_group.rg",
            "azurerm_subnet.private",
            "azurerm_virtual_network.vnet"
          ]
        }
      ]
    },
    {
      "mode": "managed",
      "type": "azurerm_network_interface",
      "name": "public_nic",
      "provider": "provider[\"registry.terraform.io/hashicorp/azurerm\"]",
      "instances": [
        {
          "schema_version": 0,
          "attributes": {
            "accelerated_networking_enabled": false,
            "applied_dns_servers": [],
            "auxiliary_mode": "",
            "auxiliary_sku": "",
            "dns_servers": [],
            "edge_zone": "",
            "id": "/subscriptions/dcf95f23-e23c-4b3d-a7ee-cd524c063f88/resourceGroups/myRG/providers/Microsoft.Network/networkInterfaces/PublicVM-nic",
            "internal_dns_name_label": "",
            "internal_domain_name_suffix": "2de4pj52ewlujooqmlyhijzlsa.rx.internal.cloudapp.net",
            "ip_configuration": [
              {
                "gateway_load_balancer_frontend_ip_configuration_id": "",
                "name": "PublicVM-ipconfig",
                "primary": true,
                "private_ip_address": "10.0.1.4",
                "private_ip_address_allocation": "Dynamic",
                "private_ip_address_version": "IPv4",
                "public_ip_address_id": "/subscriptions/dcf95f23-e23c-4b3d-a7ee-cd524c063f88/resourceGroups/myRG/providers/Microsoft.Network/publicIPAddresses/PublicVM-ip",
                "subnet_id": "/subscriptions/dcf95f23-e23c-4b3d-a7ee-cd524c063f88/resourceGroups/myRG/providers/Microsoft.Network/virtualNetworks/myVNet/subnets/PublicSubnet"
              }
            ],
            "ip_forwarding_enabled": false,
            "location": "centralindia",
            "mac_address": "7C-1E-52-3D-1A-08",
            "name": "PublicVM-nic",
            "private_ip_address": "10.0.1.4",
            "private_ip_addresses": [
              "10.0.1.4"
            ],
            "resource_group_name": "myRG",
            "tags": {
              "environment": "dev",
              "project": "myProject"
            },
            "timeouts": null,
            "virtual_machine_id": "/subscriptions/dcf95f23-e23c-4b3d-a7ee-cd524c063f88/resourceGroups/myRG/providers/Microsoft.Compute/virtualMachines/PublicVM"
          },
          "sensitive_attributes": [],
          "private": "eyJlMmJmYjczMC1lY2FhLTExZTYtOGY4OC0zNDM2M2JjN2M0YzAiOnsiY3JlYXRlIjoxODAwMDAwMDAwMDAwLCJkZWxldGUiOjE4MDAwMDAwMDAwMDAsInJlYWQiOjMwMDAwMDAwMDAwMCwidXBkYXRlIjoxODAwMDAwMDAwMDAwfX0=",
          "dependencies": [
            "azurerm_public_ip.publicvm_pip",
            "azurerm_resource_group.rg",
            "azurerm_subnet.public",
            "azurerm_virtual_network.vnet"
          ]
        }
      ]
    },
    {
      "mode": "managed",
      "type": "azurerm_network_security_group",
      "name": "private_nsg",
      "provider": "provider[\"registry.terraform.io/hashicorp/azurerm\"]",
      "instances": [
        {
          "schema_version": 0,
          "attributes": {
            "id": "/subscriptions/dcf95f23-e23c-4b3d-a7ee-cd524c063f88/resourceGroups/myRG/providers/Microsoft.Network/networkSecurityGroups/PrivateNSG",
            "location": "centralindia",
            "name": "PrivateNSG",
            "resource_group_name": "myRG",
            "security_rule": [
              {
                "access": "Allow",
                "description": "",
                "destination_address_prefix": "*",
                "destination_address_prefixes": [],
                "destination_application_security_group_ids": [],
                "destination_port_range": "22",
                "destination_port_ranges": [],
                "direction": "Inbound",
                "name": "AllowSSHFromPublicSubnet",
                "priority": 140,
                "protocol": "Tcp",
                "source_address_prefix": "10.0.1.0/24",
                "source_address_prefixes": [],
                "source_application_security_group_ids": [],
                "source_port_range": "*",
                "source_port_ranges": []
              },
              {
                "access": "Allow",
                "description": "",
                "destination_address_prefix": "*",
                "destination_address_prefixes": [],
                "destination_application_security_group_ids": [],
                "destination_port_range": "5656",
                "destination_port_ranges": [],
                "direction": "Inbound",
                "name": "AllowNodeAppFromAppGW",
                "priority": 110,
                "protocol": "Tcp",
                "source_address_prefix": "10.0.3.0/24",
                "source_address_prefixes": [],
                "source_application_security_group_ids": [],
                "source_port_range": "*",
                "source_port_ranges": []
              },
              {
                "access": "Allow",
                "description": "",
                "destination_address_prefix": "*",
                "destination_address_prefixes": [],
                "destination_application_security_group_ids": [],
                "destination_port_range": "65200-65535",
                "destination_port_ranges": [],
                "direction": "Inbound",
                "name": "AllowAppGWHealthProbe",
                "priority": 100,
                "protocol": "Tcp",
                "source_address_prefix": "GatewayManager",
                "source_address_prefixes": [],
                "source_application_security_group_ids": [],
                "source_port_range": "*",
                "source_port_ranges": []
              },
              {
                "access": "Allow",
                "description": "",
                "destination_address_prefix": "*",
                "destination_address_prefixes": [],
                "destination_application_security_group_ids": [],
                "destination_port_range": "80",
                "destination_port_ranges": [],
                "direction": "Inbound",
                "name": "AllowHTTPFromAppGW",
                "priority": 120,
                "protocol": "Tcp",
                "source_address_prefix": "10.0.3.0/24",
                "source_address_prefixes": [],
                "source_application_security_group_ids": [],
                "source_port_range": "*",
                "source_port_ranges": []
              },
              {
                "access": "Allow",
                "description": "",
                "destination_address_prefix": "*",
                "destination_address_prefixes": [],
                "destination_application_security_group_ids": [],
                "destination_port_range": "80",
                "destination_port_ranges": [],
                "direction": "Inbound",
                "name": "AllowHTTPFromPublicSubnet",
                "priority": 130,
                "protocol": "Tcp",
                "source_address_prefix": "10.0.1.0/24",
                "source_address_prefixes": [],
                "source_application_security_group_ids": [],
                "source_port_range": "*",
                "source_port_ranges": []
              }
            ],
            "tags": {
              "environment": "dev",
              "project": "myProject"
            },
            "timeouts": null
          },
          "sensitive_attributes": [],
          "private": "eyJlMmJmYjczMC1lY2FhLTExZTYtOGY4OC0zNDM2M2JjN2M0YzAiOnsiY3JlYXRlIjoxODAwMDAwMDAwMDAwLCJkZWxldGUiOjE4MDAwMDAwMDAwMDAsInJlYWQiOjMwMDAwMDAwMDAwMCwidXBkYXRlIjoxODAwMDAwMDAwMDAwfX0=",
          "dependencies": [
            "azurerm_resource_group.rg"
          ]
        }
      ]
    },
    {
      "mode": "managed",
      "type": "azurerm_network_security_group",
      "name": "public_nsg",
      "provider": "provider[\"registry.terraform.io/hashicorp/azurerm\"]",
      "instances": [
        {
          "schema_version": 0,
          "attributes": {
            "id": "/subscriptions/dcf95f23-e23c-4b3d-a7ee-cd524c063f88/resourceGroups/myRG/providers/Microsoft.Network/networkSecurityGroups/PublicNSG",
            "location": "centralindia",
            "name": "PublicNSG",
            "resource_group_name": "myRG",
            "security_rule": [
              {
                "access": "Allow",
                "description": "",
                "destination_address_prefix": "*",
                "destination_address_prefixes": [],
                "destination_application_security_group_ids": [],
                "destination_port_range": "22",
                "destination_port_ranges": [],
                "direction": "Inbound",
                "name": "AllowSSH",
                "priority": 100,
                "protocol": "Tcp",
                "source_address_prefix": "*",
                "source_address_prefixes": [],
                "source_application_security_group_ids": [],
                "source_port_range": "*",
                "source_port_ranges": []
              },
              {
                "access": "Allow",
                "description": "",
                "destination_address_prefix": "*",
                "destination_address_prefixes": [],
                "destination_application_security_group_ids": [],
                "destination_port_range": "443",
                "destination_port_ranges": [],
                "direction": "Inbound",
                "name": "AllowHTTPS",
                "priority": 120,
                "protocol": "Tcp",
                "source_address_prefix": "*",
                "source_address_prefixes": [],
                "source_application_security_group_ids": [],
                "source_port_range": "*",
                "source_port_ranges": []
              },
              {
                "access": "Allow",
                "description": "",
                "destination_address_prefix": "*",
                "destination_address_prefixes": [],
                "destination_application_security_group_ids": [],
                "destination_port_range": "80",
                "destination_port_ranges": [],
                "direction": "Inbound",
                "name": "AllowHTTP",
                "priority": 110,
                "protocol": "Tcp",
                "source_address_prefix": "*",
                "source_address_prefixes": [],
                "source_application_security_group_ids": [],
                "source_port_range": "*",
                "source_port_ranges": []
              }
            ],
            "tags": {
              "environment": "dev",
              "project": "myProject"
            },
            "timeouts": null
          },
          "sensitive_attributes": [],
          "private": "eyJlMmJmYjczMC1lY2FhLTExZTYtOGY4OC0zNDM2M2JjN2M0YzAiOnsiY3JlYXRlIjoxODAwMDAwMDAwMDAwLCJkZWxldGUiOjE4MDAwMDAwMDAwMDAsInJlYWQiOjMwMDAwMDAwMDAwMCwidXBkYXRlIjoxODAwMDAwMDAwMDAwfX0=",
          "dependencies": [
            "azurerm_resource_group.rg"
          ]
        }
      ]
    },
    {
      "mode": "managed",
      "type": "azurerm_public_ip",
      "name": "appgw_pip",
      "provider": "provider[\"registry.terraform.io/hashicorp/azurerm\"]",
      "instances": [
        {
          "schema_version": 0,
          "attributes": {
            "allocation_method": "Static",
            "ddos_protection_mode": "VirtualNetworkInherited",
            "ddos_protection_plan_id": null,
            "domain_name_label": "",
            "domain_name_label_scope": "",
            "edge_zone": "",
            "fqdn": "",
            "id": "/subscriptions/dcf95f23-e23c-4b3d-a7ee-cd524c063f88/resourceGroups/myRG/providers/Microsoft.Network/publicIPAddresses/AppGW-ip",
            "idle_timeout_in_minutes": 4,
            "ip_address": "4.247.129.232",
            "ip_tags": {},
            "ip_version": "IPv4",
            "location": "centralindia",
            "name": "AppGW-ip",
            "public_ip_prefix_id": null,
            "resource_group_name": "myRG",
            "reverse_fqdn": "",
            "sku": "Standard",
            "sku_tier": "Regional",
            "tags": {
              "environment": "dev",
              "project": "myProject"
            },
            "timeouts": null,
            "zones": []
          },
          "sensitive_attributes": [],
          "private": "eyJlMmJmYjczMC1lY2FhLTExZTYtOGY4OC0zNDM2M2JjN2M0YzAiOnsiY3JlYXRlIjoxODAwMDAwMDAwMDAwLCJkZWxldGUiOjE4MDAwMDAwMDAwMDAsInJlYWQiOjMwMDAwMDAwMDAwMCwidXBkYXRlIjoxODAwMDAwMDAwMDAwfX0=",
          "dependencies": [
            "azurerm_resource_group.rg"
          ]
        }
      ]
    },
    {
      "mode": "managed",
      "type": "azurerm_public_ip",
      "name": "natgw_pip",
      "provider": "provider[\"registry.terraform.io/hashicorp/azurerm\"]",
      "instances": [
        {
          "schema_version": 0,
          "attributes": {
            "allocation_method": "Static",
            "ddos_protection_mode": "VirtualNetworkInherited",
            "ddos_protection_plan_id": null,
            "domain_name_label": "",
            "domain_name_label_scope": "",
            "edge_zone": "",
            "fqdn": "",
            "id": "/subscriptions/dcf95f23-e23c-4b3d-a7ee-cd524c063f88/resourceGroups/myRG/providers/Microsoft.Network/publicIPAddresses/NATGW-ip",
            "idle_timeout_in_minutes": 4,
            "ip_address": "20.198.119.30",
            "ip_tags": {},
            "ip_version": "IPv4",
            "location": "centralindia",
            "name": "NATGW-ip",
            "public_ip_prefix_id": null,
            "resource_group_name": "myRG",
            "reverse_fqdn": "",
            "sku": "Standard",
            "sku_tier": "Regional",
            "tags": {
              "environment": "dev",
              "project": "myProject"
            },
            "timeouts": null,
            "zones": []
          },
          "sensitive_attributes": [],
          "private": "eyJlMmJmYjczMC1lY2FhLTExZTYtOGY4OC0zNDM2M2JjN2M0YzAiOnsiY3JlYXRlIjoxODAwMDAwMDAwMDAwLCJkZWxldGUiOjE4MDAwMDAwMDAwMDAsInJlYWQiOjMwMDAwMDAwMDAwMCwidXBkYXRlIjoxODAwMDAwMDAwMDAwfX0=",
          "dependencies": [
            "azurerm_resource_group.rg"
          ]
        }
      ]
    },
    {
      "mode": "managed",
      "type": "azurerm_public_ip",
      "name": "publicvm_pip",
      "provider": "provider[\"registry.terraform.io/hashicorp/azurerm\"]",
      "instances": [
        {
          "schema_version": 0,
          "attributes": {
            "allocation_method": "Static",
            "ddos_protection_mode": "VirtualNetworkInherited",
            "ddos_protection_plan_id": null,
            "domain_name_label": "",
            "domain_name_label_scope": "",
            "edge_zone": "",
            "fqdn": "",
            "id": "/subscriptions/dcf95f23-e23c-4b3d-a7ee-cd524c063f88/resourceGroups/myRG/providers/Microsoft.Network/publicIPAddresses/PublicVM-ip",
            "idle_timeout_in_minutes": 4,
            "ip_address": "20.204.43.217",
            "ip_tags": {},
            "ip_version": "IPv4",
            "location": "centralindia",
            "name": "PublicVM-ip",
            "public_ip_prefix_id": null,
            "resource_group_name": "myRG",
            "reverse_fqdn": "",
            "sku": "Standard",
            "sku_tier": "Regional",
            "tags": {
              "environment": "dev",
              "project": "myProject"
            },
            "timeouts": null,
            "zones": []
          },
          "sensitive_attributes": [],
          "private": "eyJlMmJmYjczMC1lY2FhLTExZTYtOGY4OC0zNDM2M2JjN2M0YzAiOnsiY3JlYXRlIjoxODAwMDAwMDAwMDAwLCJkZWxldGUiOjE4MDAwMDAwMDAwMDAsInJlYWQiOjMwMDAwMDAwMDAwMCwidXBkYXRlIjoxODAwMDAwMDAwMDAwfX0=",
          "dependencies": [
            "azurerm_resource_group.rg"
          ]
        }
      ]
    },
    {
      "mode": "managed",
      "type": "azurerm_resource_group",
      "name": "rg",
      "provider": "provider[\"registry.terraform.io/hashicorp/azurerm\"]",
      "instances": [
        {
          "schema_version": 0,
          "attributes": {
            "id": "/subscriptions/dcf95f23-e23c-4b3d-a7ee-cd524c063f88/resourceGroups/myRG",
            "location": "centralindia",
            "managed_by": "",
            "name": "myRG",
            "tags": {
              "environment": "dev",
              "project": "myProject"
            },
            "timeouts": null
          },
          "sensitive_attributes": [],
          "private": "eyJlMmJmYjczMC1lY2FhLTExZTYtOGY4OC0zNDM2M2JjN2M0YzAiOnsiY3JlYXRlIjo1NDAwMDAwMDAwMDAwLCJkZWxldGUiOjU0MDAwMDAwMDAwMDAsInJlYWQiOjMwMDAwMDAwMDAwMCwidXBkYXRlIjo1NDAwMDAwMDAwMDAwfX0="
        }
      ]
    },
    {
      "mode": "managed",
      "type": "azurerm_subnet",
      "name": "appgw",
      "provider": "provider[\"registry.terraform.io/hashicorp/azurerm\"]",
      "instances": [
        {
          "schema_version": 0,
          "attributes": {
            "address_prefixes": [
              "10.0.3.0/24"
            ],
            "default_outbound_access_enabled": true,
            "delegation": [],
            "id": "/subscriptions/dcf95f23-e23c-4b3d-a7ee-cd524c063f88/resourceGroups/myRG/providers/Microsoft.Network/virtualNetworks/myVNet/subnets/AppGwSubnet",
            "ip_address_pool": [],
            "name": "AppGwSubnet",
            "private_endpoint_network_policies": "Disabled",
            "private_link_service_network_policies_enabled": true,
            "resource_group_name": "myRG",
            "service_endpoint_policy_ids": [],
            "service_endpoints": [],
            "sharing_scope": "",
            "timeouts": null,
            "virtual_network_name": "myVNet"
          },
          "sensitive_attributes": [],
          "private": "eyJlMmJmYjczMC1lY2FhLTExZTYtOGY4OC0zNDM2M2JjN2M0YzAiOnsiY3JlYXRlIjoxODAwMDAwMDAwMDAwLCJkZWxldGUiOjE4MDAwMDAwMDAwMDAsInJlYWQiOjMwMDAwMDAwMDAwMCwidXBkYXRlIjoxODAwMDAwMDAwMDAwfX0=",
          "dependencies": [
            "azurerm_resource_group.rg",
            "azurerm_virtual_network.vnet"
          ]
        }
      ]
    },
    {
      "mode": "managed",
      "type": "azurerm_subnet",
      "name": "private",
      "provider": "provider[\"registry.terraform.io/hashicorp/azurerm\"]",
      "instances": [
        {
          "schema_version": 0,
          "attributes": {
            "address_prefixes": [
              "10.0.2.0/24"
            ],
            "default_outbound_access_enabled": true,
            "delegation": [],
            "id": "/subscriptions/dcf95f23-e23c-4b3d-a7ee-cd524c063f88/resourceGroups/myRG/providers/Microsoft.Network/virtualNetworks/myVNet/subnets/PrivateSubnet",
            "ip_address_pool": [],
            "name": "PrivateSubnet",
            "private_endpoint_network_policies": "Disabled",
            "private_link_service_network_policies_enabled": true,
            "resource_group_name": "myRG",
            "service_endpoint_policy_ids": [],
            "service_endpoints": [],
            "sharing_scope": "",
            "timeouts": null,
            "virtual_network_name": "myVNet"
          },
          "sensitive_attributes": [],
          "private": "eyJlMmJmYjczMC1lY2FhLTExZTYtOGY4OC0zNDM2M2JjN2M0YzAiOnsiY3JlYXRlIjoxODAwMDAwMDAwMDAwLCJkZWxldGUiOjE4MDAwMDAwMDAwMDAsInJlYWQiOjMwMDAwMDAwMDAwMCwidXBkYXRlIjoxODAwMDAwMDAwMDAwfX0=",
          "dependencies": [
            "azurerm_resource_group.rg",
            "azurerm_virtual_network.vnet"
          ]
        }
      ]
    },
    {
      "mode": "managed",
      "type": "azurerm_subnet",
      "name": "public",
      "provider": "provider[\"registry.terraform.io/hashicorp/azurerm\"]",
      "instances": [
        {
          "schema_version": 0,
          "attributes": {
            "address_prefixes": [
              "10.0.1.0/24"
            ],
            "default_outbound_access_enabled": true,
            "delegation": [],
            "id": "/subscriptions/dcf95f23-e23c-4b3d-a7ee-cd524c063f88/resourceGroups/myRG/providers/Microsoft.Network/virtualNetworks/myVNet/subnets/PublicSubnet",
            "ip_address_pool": [],
            "name": "PublicSubnet",
            "private_endpoint_network_policies": "Disabled",
            "private_link_service_network_policies_enabled": true,
            "resource_group_name": "myRG",
            "service_endpoint_policy_ids": [],
            "service_endpoints": [],
            "sharing_scope": "",
            "timeouts": null,
            "virtual_network_name": "myVNet"
          },
          "sensitive_attributes": [],
          "private": "eyJlMmJmYjczMC1lY2FhLTExZTYtOGY4OC0zNDM2M2JjN2M0YzAiOnsiY3JlYXRlIjoxODAwMDAwMDAwMDAwLCJkZWxldGUiOjE4MDAwMDAwMDAwMDAsInJlYWQiOjMwMDAwMDAwMDAwMCwidXBkYXRlIjoxODAwMDAwMDAwMDAwfX0=",
          "dependencies": [
            "azurerm_resource_group.rg",
            "azurerm_virtual_network.vnet"
          ]
        }
      ]
    },
    {
      "mode": "managed",
      "type": "azurerm_subnet_nat_gateway_association",
      "name": "private_subnet_natgw_assoc",
      "provider": "provider[\"registry.terraform.io/hashicorp/azurerm\"]",
      "instances": [
        {
          "schema_version": 0,
          "attributes": {
            "id": "/subscriptions/dcf95f23-e23c-4b3d-a7ee-cd524c063f88/resourceGroups/myRG/providers/Microsoft.Network/virtualNetworks/myVNet/subnets/PrivateSubnet",
            "nat_gateway_id": "/subscriptions/dcf95f23-e23c-4b3d-a7ee-cd524c063f88/resourceGroups/myRG/providers/Microsoft.Network/natGateways/myNatGateway",
            "subnet_id": "/subscriptions/dcf95f23-e23c-4b3d-a7ee-cd524c063f88/resourceGroups/myRG/providers/Microsoft.Network/virtualNetworks/myVNet/subnets/PrivateSubnet",
            "timeouts": null
          },
          "sensitive_attributes": [],
          "private": "eyJlMmJmYjczMC1lY2FhLTExZTYtOGY4OC0zNDM2M2JjN2M0YzAiOnsiY3JlYXRlIjoxODAwMDAwMDAwMDAwLCJkZWxldGUiOjE4MDAwMDAwMDAwMDAsInJlYWQiOjMwMDAwMDAwMDAwMH19",
          "dependencies": [
            "azurerm_nat_gateway.natgw",
            "azurerm_resource_group.rg",
            "azurerm_subnet.private",
            "azurerm_virtual_network.vnet"
          ]
        }
      ]
    },
    {
      "mode": "managed",
      "type": "azurerm_subnet_network_security_group_association",
      "name": "private_nsg_assoc",
      "provider": "provider[\"registry.terraform.io/hashicorp/azurerm\"]",
      "instances": [
        {
          "schema_version": 0,
          "attributes": {
            "id": "/subscriptions/dcf95f23-e23c-4b3d-a7ee-cd524c063f88/resourceGroups/myRG/providers/Microsoft.Network/virtualNetworks/myVNet/subnets/PrivateSubnet",
            "network_security_group_id": "/subscriptions/dcf95f23-e23c-4b3d-a7ee-cd524c063f88/resourceGroups/myRG/providers/Microsoft.Network/networkSecurityGroups/PrivateNSG",
            "subnet_id": "/subscriptions/dcf95f23-e23c-4b3d-a7ee-cd524c063f88/resourceGroups/myRG/providers/Microsoft.Network/virtualNetworks/myVNet/subnets/PrivateSubnet",
            "timeouts": null
          },
          "sensitive_attributes": [],
          "private": "eyJlMmJmYjczMC1lY2FhLTExZTYtOGY4OC0zNDM2M2JjN2M0YzAiOnsiY3JlYXRlIjoxODAwMDAwMDAwMDAwLCJkZWxldGUiOjE4MDAwMDAwMDAwMDAsInJlYWQiOjMwMDAwMDAwMDAwMH19",
          "dependencies": [
            "azurerm_network_security_group.private_nsg",
            "azurerm_resource_group.rg",
            "azurerm_subnet.private",
            "azurerm_virtual_network.vnet"
          ]
        }
      ]
    },
    {
      "mode": "managed",
      "type": "azurerm_subnet_network_security_group_association",
      "name": "public_nsg_assoc",
      "provider": "provider[\"registry.terraform.io/hashicorp/azurerm\"]",
      "instances": [
        {
          "schema_version": 0,
          "attributes": {
            "id": "/subscriptions/dcf95f23-e23c-4b3d-a7ee-cd524c063f88/resourceGroups/myRG/providers/Microsoft.Network/virtualNetworks/myVNet/subnets/PublicSubnet",
            "network_security_group_id": "/subscriptions/dcf95f23-e23c-4b3d-a7ee-cd524c063f88/resourceGroups/myRG/providers/Microsoft.Network/networkSecurityGroups/PublicNSG",
            "subnet_id": "/subscriptions/dcf95f23-e23c-4b3d-a7ee-cd524c063f88/resourceGroups/myRG/providers/Microsoft.Network/virtualNetworks/myVNet/subnets/PublicSubnet",
            "timeouts": null
          },
          "sensitive_attributes": [],
          "private": "eyJlMmJmYjczMC1lY2FhLTExZTYtOGY4OC0zNDM2M2JjN2M0YzAiOnsiY3JlYXRlIjoxODAwMDAwMDAwMDAwLCJkZWxldGUiOjE4MDAwMDAwMDAwMDAsInJlYWQiOjMwMDAwMDAwMDAwMH19",
          "dependencies": [
            "azurerm_network_security_group.public_nsg",
            "azurerm_resource_group.rg",
            "azurerm_subnet.public",
            "azurerm_virtual_network.vnet"
          ]
        }
      ]
    },
    {
      "mode": "managed",
      "type": "azurerm_virtual_network",
      "name": "vnet",
      "provider": "provider[\"registry.terraform.io/hashicorp/azurerm\"]",
      "instances": [
        {
          "schema_version": 0,
          "attributes": {
            "address_space": [
              "10.0.0.0/16"
            ],
            "bgp_community": "",
            "ddos_protection_plan": [],
            "dns_servers": [],
            "edge_zone": "",
            "encryption": [],
            "flow_timeout_in_minutes": 0,
            "guid": "a7e7c9e0-25fc-4497-b9d0-62f074272b90",
            "id": "/subscriptions/dcf95f23-e23c-4b3d-a7ee-cd524c063f88/resourceGroups/myRG/providers/Microsoft.Network/virtualNetworks/myVNet",
            "ip_address_pool": [],
            "location": "centralindia",
            "name": "myVNet",
            "private_endpoint_vnet_policies": "Disabled",
            "resource_group_name": "myRG",
            "subnet": [
              {
                "address_prefixes": [
                  "10.0.1.0/24"
                ],
                "default_outbound_access_enabled": true,
                "delegation": [],
                "id": "/subscriptions/dcf95f23-e23c-4b3d-a7ee-cd524c063f88/resourceGroups/myRG/providers/Microsoft.Network/virtualNetworks/myVNet/subnets/PublicSubnet",
                "name": "PublicSubnet",
                "private_endpoint_network_policies": "Disabled",
                "private_link_service_network_policies_enabled": true,
                "route_table_id": "",
                "security_group": "/subscriptions/dcf95f23-e23c-4b3d-a7ee-cd524c063f88/resourceGroups/myRG/providers/Microsoft.Network/networkSecurityGroups/PublicNSG",
                "service_endpoint_policy_ids": [],
                "service_endpoints": []
              },
              {
                "address_prefixes": [
                  "10.0.2.0/24"
                ],
                "default_outbound_access_enabled": true,
                "delegation": [],
                "id": "/subscriptions/dcf95f23-e23c-4b3d-a7ee-cd524c063f88/resourceGroups/myRG/providers/Microsoft.Network/virtualNetworks/myVNet/subnets/PrivateSubnet",
                "name": "PrivateSubnet",
                "private_endpoint_network_policies": "Disabled",
                "private_link_service_network_policies_enabled": true,
                "route_table_id": "",
                "security_group": "/subscriptions/dcf95f23-e23c-4b3d-a7ee-cd524c063f88/resourceGroups/myRG/providers/Microsoft.Network/networkSecurityGroups/PrivateNSG",
                "service_endpoint_policy_ids": [],
                "service_endpoints": []
              },
              {
                "address_prefixes": [
                  "10.0.3.0/24"
                ],
                "default_outbound_access_enabled": true,
                "delegation": [],
                "id": "/subscriptions/dcf95f23-e23c-4b3d-a7ee-cd524c063f88/resourceGroups/myRG/providers/Microsoft.Network/virtualNetworks/myVNet/subnets/AppGwSubnet",
                "name": "AppGwSubnet",
                "private_endpoint_network_policies": "Disabled",
                "private_link_service_network_policies_enabled": true,
                "route_table_id": "",
                "security_group": "",
                "service_endpoint_policy_ids": [],
                "service_endpoints": []
              }
            ],
            "tags": {},
            "timeouts": null
          },
          "sensitive_attributes": [],
          "private": "eyJlMmJmYjczMC1lY2FhLTExZTYtOGY4OC0zNDM2M2JjN2M0YzAiOnsiY3JlYXRlIjoxODAwMDAwMDAwMDAwLCJkZWxldGUiOjE4MDAwMDAwMDAwMDAsInJlYWQiOjMwMDAwMDAwMDAwMCwidXBkYXRlIjoxODAwMDAwMDAwMDAwfX0=",
          "dependencies": [
            "azurerm_resource_group.rg"
          ]
        }
      ]
    }
  ],
  "check_results": null
}
